
Microsoft Visual Studio Solution File, Format Version 12.00
# Visual Studio 2013
VisualStudioVersion = 12.0.21005.1
MinimumVisualStudioVersion = 10.0.40219.1
Project("{FAE04EC0-301F-11D3-BF4B-00C04F79EFBC}") = "DroidPMClient", "DroidPMClient\DroidPMClient.csproj", "{F806CB22-3089-41D9-9B01-514D234CA344}"
EndProject
Project("{2150E333-8FDC-42A3-9474-1A3956D46DE8}") = ".nuget", ".nuget", "{02E20412-AC39-4E7C-AF3F-CF9840F009DF}"
	ProjectSection(SolutionItems) = preProject
		.nuget\NuGet.Config = .nuget\NuGet.Config
		.nuget\NuGet.exe = .nuget\NuGet.exe
		.nuget\NuGet.targets = .nuget\NuGet.targets
	EndProjectSection
EndProject
Global
	GlobalSection(SolutionConfigurationPlatforms) = preSolution
		Debug|Any CPU = Debug|Any CPU
		Release|Any CPU = Release|Any CPU
	EndGlobalSection
	GlobalSection(ProjectConfigurationPlatforms) = postSolution
		{F806CB22-3089-41D9-9B01-514D234CA344}.Debug|Any CPU.ActiveCfg = Debug|Any CPU
		{F806CB22-3089-41D9-9B01-514D234CA344}.Debug|Any CPU.Build.0 = Debug|Any CPU
		{F806CB22-3089-41D9-9B01-514D234CA344}.Release|Any CPU.ActiveCfg = Release|Any CPU
		{F806CB22-3089-41D9-9B01-514D234CA344}.Release|Any CPU.Build.0 = Release|Any CPU
	EndGlobalSection
	GlobalSection(SolutionProperties) = preSolution
		HideSolutionNode = FALSE
	EndGlobalSection
EndGlobal
